
Microsoft Visual Studio Solution File, Format Version 12.00
# Visual Studio Version 16
VisualStudioVersion = 16.0.31112.23
MinimumVisualStudioVersion = 10.0.40219.1
Project("{FAE04EC0-301F-11D3-BF4B-00C04F79EFBC}") = "RetarnaJuros", "RetarnaJuros.csproj", "{AC5EE8AD-EAFF-40C0-BB7C-E9961F993B4C}"
EndProject
Project("{FAE04EC0-301F-11D3-BF4B-00C04F79EFBC}") = "RetarnaJuros.Test", "..\RetarnaJuros.Test\RetarnaJuros.Test.csproj", "{A2BA6820-2506-45B9-9653-D61D20950178}"
EndProject
Global
	GlobalSection(SolutionConfigurationPlatforms) = preSolution
		Debug|Any CPU = Debug|Any CPU
		Release|Any CPU = Release|Any CPU
	EndGlobalSection
	GlobalSection(ProjectConfigurationPlatforms) = postSolution
		{AC5EE8AD-EAFF-40C0-BB7C-E9961F993B4C}.Debug|Any CPU.ActiveCfg = Debug|Any CPU
		{AC5EE8AD-EAFF-40C0-BB7C-E9961F993B4C}.Debug|Any CPU.Build.0 = Debug|Any CPU
		{AC5EE8AD-EAFF-40C0-BB7C-E9961F993B4C}.Release|Any CPU.ActiveCfg = Release|Any CPU
		{AC5EE8AD-EAFF-40C0-BB7C-E9961F993B4C}.Release|Any CPU.Build.0 = Release|Any CPU
		{A2BA6820-2506-45B9-9653-D61D20950178}.Debug|Any CPU.ActiveCfg = Debug|Any CPU
		{A2BA6820-2506-45B9-9653-D61D20950178}.Debug|Any CPU.Build.0 = Debug|Any CPU
		{A2BA6820-2506-45B9-9653-D61D20950178}.Release|Any CPU.ActiveCfg = Release|Any CPU
		{A2BA6820-2506-45B9-9653-D61D20950178}.Release|Any CPU.Build.0 = Release|Any CPU
	EndGlobalSection
	GlobalSection(SolutionProperties) = preSolution
		HideSolutionNode = FALSE
	EndGlobalSection
	GlobalSection(ExtensibilityGlobals) = postSolution
		SolutionGuid = {6439BAA1-9E31-4C96-876B-E2C7F9AA230B}
	EndGlobalSection
EndGlobal
